
Microsoft Visual Studio Solution File, Format Version 12.00
# Visual Studio Version 16
VisualStudioVersion = 16.0.30413.136
MinimumVisualStudioVersion = 10.0.40219.1
Project("{FAE04EC0-301F-11D3-BF4B-00C04F79EFBC}") = "Csharp_Wrapper", "Cshape_Wrapper\Csharp_Wrapper.csproj", "{2EF7371E-571D-4BE3-9CDD-54B547FCCA75}"
EndProject
Global
	GlobalSection(SolutionConfigurationPlatforms) = preSolution
		Debug|Any CPU = Debug|Any CPU
		Release|Any CPU = Release|Any CPU
	EndGlobalSection
	GlobalSection(ProjectConfigurationPlatforms) = postSolution
		{2EF7371E-571D-4BE3-9CDD-54B547FCCA75}.Debug|Any CPU.ActiveCfg = Debug|Any CPU
		{2EF7371E-571D-4BE3-9CDD-54B547FCCA75}.Debug|Any CPU.Build.0 = Debug|Any CPU
		{2EF7371E-571D-4BE3-9CDD-54B547FCCA75}.Release|Any CPU.ActiveCfg = Release|Any CPU
		{2EF7371E-571D-4BE3-9CDD-54B547FCCA75}.Release|Any CPU.Build.0 = Release|Any CPU
	EndGlobalSection
	GlobalSection(SolutionProperties) = preSolution
		HideSolutionNode = FALSE
	EndGlobalSection
	GlobalSection(ExtensibilityGlobals) = postSolution
		SolutionGuid = {9F237732-8050-4190-8DED-0EE67287F054}
	EndGlobalSection
EndGlobal
